// !$*UTF8*$!
{
	archiveVersion = 1;
	classes = {
	};
	objectVersion = 77;
	objects = {

/* Begin PBXBuildFile section */
		9B8685AB2E70CE4600486774 /* _69_Juice_Cashir_AppApp.swift in Sources */ = {isa = PBXBuildFile; fileRef = 9B8685AA2E70CE4600486774 /* _69_Juice_Cashir_AppApp.swift */; };
		9B8685E02E70D19E00486774 /* HomeView.swift in Sources */ = {isa = PBXBuildFile; fileRef = 9B8685DF2E70D00E00486774 /* HomeView.swift */; };
		9B8685E22E70D41100486774 /* StatsView.swift in Sources */ = {isa = PBXBuildFile; fileRef = 9B8685E12E70D40C00486774 /* StatsView.swift */; };
		9B8685E52E70E18000486774 /* FlavourSelectView.swift in Sources */ = {isa = PBXBuildFile; fileRef = 9B8685E42E70E17D00486774 /* FlavourSelectView.swift */; };
		9B8685E62E70E24800486774 /* Order.swift in Sources */ = {isa = PBXBuildFile; fileRef = 9B8685E32E70DBF700486774 /* Order.swift */; };
		9B8685E82E71CD9700486774 /* AddOnsView.swift in Sources */ = {isa = PBXBuildFile; fileRef = 9B8685E72E71CD9300486774 /* AddOnsView.swift */; };
		9B8685EC2E71D96900486774 /* CheckOutView.swift in Sources */ = {isa = PBXBuildFile; fileRef = 9B8685EB2E71D96300486774 /* CheckOutView.swift */; };
		9B8685EE2E71EDAA00486774 /* OrderItem.swift in Sources */ = {isa = PBXBuildFile; fileRef = 9B8685ED2E71EDA500486774 /* OrderItem.swift */; };
		9B8685F02E71EE0A00486774 /* CartStore.swift in Sources */ = {isa = PBXBuildFile; fileRef = 9B8685EF2E71EE0700486774 /* CartStore.swift */; };
		9B8685F22E71F62A00486774 /* BuildDrinkView.swift in Sources */ = {isa = PBXBuildFile; fileRef = 9B8685F12E71F62700486774 /* BuildDrinkView.swift */; };
		9B8685F42E71FDB300486774 /* AddOnsScreen.swift in Sources */ = {isa = PBXBuildFile; fileRef = 9B8685F32E71FDAE00486774 /* AddOnsScreen.swift */; };
		9B8685F72E7200A200486774 /* GoToCheckoutEnv.swift in Sources */ = {isa = PBXBuildFile; fileRef = 9B8685F62E72009900486774 /* GoToCheckoutEnv.swift */; };
		9B8685FD2E72256500486774 /* PaymentMethod.swift in Sources */ = {isa = PBXBuildFile; fileRef = 9B8685FC2E72256000486774 /* PaymentMethod.swift */; };
		9B8685FF2E72257E00486774 /* FestivalWeek.swift in Sources */ = {isa = PBXBuildFile; fileRef = 9B8685FE2E72257900486774 /* FestivalWeek.swift */; };
		9B8686012E7225A200486774 /* Sale.swift in Sources */ = {isa = PBXBuildFile; fileRef = 9B8686002E7225A000486774 /* Sale.swift */; };
		9B8686042E7225F800486774 /* SalesStore.swift in Sources */ = {isa = PBXBuildFile; fileRef = 9B8686032E7225F500486774 /* SalesStore.swift */; };
		9B8686972E73332000486774 /* Preset.swift in Sources */ = {isa = PBXBuildFile; fileRef = 9B8686962E73331800486774 /* Preset.swift */; };
		9B8686992E7336A100486774 /* PresetStore.swift in Sources */ = {isa = PBXBuildFile; fileRef = 9B8686982E73369F00486774 /* PresetStore.swift */; };
		9B86869B2E73372300486774 /* Pricing.swift in Sources */ = {isa = PBXBuildFile; fileRef = 9B86869A2E73371D00486774 /* Pricing.swift */; };
/* End PBXBuildFile section */

/* Begin PBXContainerItemProxy section */
		9B8685B82E70CE4700486774 /* PBXContainerItemProxy */ = {
			isa = PBXContainerItemProxy;
			containerPortal = 9B86859F2E70CE4600486774 /* Project object */;
			proxyType = 1;
			remoteGlobalIDString = 9B8685A62E70CE4600486774;
			remoteInfo = "169 Juice Cashir App";
		};
		9B8685C22E70CE4700486774 /* PBXContainerItemProxy */ = {
			isa = PBXContainerItemProxy;
			containerPortal = 9B86859F2E70CE4600486774 /* Project object */;
			proxyType = 1;
			remoteGlobalIDString = 9B8685A62E70CE4600486774;
			remoteInfo = "169 Juice Cashir App";
		};
/* End PBXContainerItemProxy section */

/* Begin PBXFileReference section */
		9B8685A72E70CE4600486774 /* 169 Juice Cashir App.app */ = {isa = PBXFileReference; explicitFileType = wrapper.application; includeInIndex = 0; path = "169 Juice Cashir App.app"; sourceTree = BUILT_PRODUCTS_DIR; };
		9B8685AA2E70CE4600486774 /* _69_Juice_Cashir_AppApp.swift */ = {isa = PBXFileReference; lastKnownFileType = sourcecode.swift; path = _69_Juice_Cashir_AppApp.swift; sourceTree = "<group>"; };
		9B8685B72E70CE4700486774 /* 169 Juice Cashir AppTests.xctest */ = {isa = PBXFileReference; explicitFileType = wrapper.cfbundle; includeInIndex = 0; path = "169 Juice Cashir AppTests.xctest"; sourceTree = BUILT_PRODUCTS_DIR; };
		9B8685C12E70CE4700486774 /* 169 Juice Cashir AppUITests.xctest */ = {isa = PBXFileReference; explicitFileType = wrapper.cfbundle; includeInIndex = 0; path = "169 Juice Cashir AppUITests.xctest"; sourceTree = BUILT_PRODUCTS_DIR; };
		9B8685DF2E70D00E00486774 /* HomeView.swift */ = {isa = PBXFileReference; lastKnownFileType = sourcecode.swift; path = HomeView.swift; sourceTree = "<group>"; };
		9B8685E12E70D40C00486774 /* StatsView.swift */ = {isa = PBXFileReference; lastKnownFileType = sourcecode.swift; path = StatsView.swift; sourceTree = "<group>"; };
		9B8685E32E70DBF700486774 /* Order.swift */ = {isa = PBXFileReference; lastKnownFileType = sourcecode.swift; path = Order.swift; sourceTree = "<group>"; };
		9B8685E42E70E17D00486774 /* FlavourSelectView.swift */ = {isa = PBXFileReference; lastKnownFileType = sourcecode.swift; path = FlavourSelectView.swift; sourceTree = "<group>"; };
		9B8685E72E71CD9300486774 /* AddOnsView.swift */ = {isa = PBXFileReference; lastKnownFileType = sourcecode.swift; path = AddOnsView.swift; sourceTree = "<group>"; };
		9B8685EB2E71D96300486774 /* CheckOutView.swift */ = {isa = PBXFileReference; lastKnownFileType = sourcecode.swift; path = CheckOutView.swift; sourceTree = "<group>"; };
		9B8685ED2E71EDA500486774 /* OrderItem.swift */ = {isa = PBXFileReference; lastKnownFileType = sourcecode.swift; path = OrderItem.swift; sourceTree = "<group>"; };
		9B8685EF2E71EE0700486774 /* CartStore.swift */ = {isa = PBXFileReference; lastKnownFileType = sourcecode.swift; path = CartStore.swift; sourceTree = "<group>"; };
		9B8685F12E71F62700486774 /* BuildDrinkView.swift */ = {isa = PBXFileReference; lastKnownFileType = sourcecode.swift; path = BuildDrinkView.swift; sourceTree = "<group>"; };
		9B8685F32E71FDAE00486774 /* AddOnsScreen.swift */ = {isa = PBXFileReference; lastKnownFileType = sourcecode.swift; path = AddOnsScreen.swift; sourceTree = "<group>"; };
		9B8685F62E72009900486774 /* GoToCheckoutEnv.swift */ = {isa = PBXFileReference; lastKnownFileType = sourcecode.swift; path = GoToCheckoutEnv.swift; sourceTree = "<group>"; };
		9B8685FC2E72256000486774 /* PaymentMethod.swift */ = {isa = PBXFileReference; lastKnownFileType = sourcecode.swift; path = PaymentMethod.swift; sourceTree = "<group>"; };
		9B8685FE2E72257900486774 /* FestivalWeek.swift */ = {isa = PBXFileReference; lastKnownFileType = sourcecode.swift; path = FestivalWeek.swift; sourceTree = "<group>"; };
		9B8686002E7225A000486774 /* Sale.swift */ = {isa = PBXFileReference; lastKnownFileType = sourcecode.swift; path = Sale.swift; sourceTree = "<group>"; };
		9B8686032E7225F500486774 /* SalesStore.swift */ = {isa = PBXFileReference; lastKnownFileType = sourcecode.swift; path = SalesStore.swift; sourceTree = "<group>"; };
		9B8686962E73331800486774 /* Preset.swift */ = {isa = PBXFileReference; lastKnownFileType = sourcecode.swift; path = Preset.swift; sourceTree = "<group>"; };
		9B8686982E73369F00486774 /* PresetStore.swift */ = {isa = PBXFileReference; lastKnownFileType = sourcecode.swift; path = PresetStore.swift; sourceTree = "<group>"; };
		9B86869A2E73371D00486774 /* Pricing.swift */ = {isa = PBXFileReference; lastKnownFileType = sourcecode.swift; path = Pricing.swift; sourceTree = "<group>"; };
/* End PBXFileReference section */

/* Begin PBXFileSystemSynchronizedRootGroup section */
		9B8685A92E70CE4600486774 /* 169 Juice Cashir App */ = {
			isa = PBXFileSystemSynchronizedRootGroup;
			path = "169 Juice Cashir App";
			sourceTree = "<group>";
		};
		9B8685BA2E70CE4700486774 /* 169 Juice Cashir AppTests */ = {
			isa = PBXFileSystemSynchronizedRootGroup;
			path = "169 Juice Cashir AppTests";
			sourceTree = "<group>";
		};
		9B8685C42E70CE4700486774 /* 169 Juice Cashir AppUITests */ = {
			isa = PBXFileSystemSynchronizedRootGroup;
			path = "169 Juice Cashir AppUITests";
			sourceTree = "<group>";
		};
/* End PBXFileSystemSynchronizedRootGroup section */

/* Begin PBXFrameworksBuildPhase section */
		9B8685A42E70CE4600486774 /* Frameworks */ = {
			isa = PBXFrameworksBuildPhase;
			buildActionMask = 2147483647;
			files = (
			);
			runOnlyForDeploymentPostprocessing = 0;
		};
		9B8685B42E70CE4700486774 /* Frameworks */ = {
			isa = PBXFrameworksBuildPhase;
			buildActionMask = 2147483647;
			files = (
			);
			runOnlyForDeploymentPostprocessing = 0;
		};
		9B8685BE2E70CE4700486774 /* Frameworks */ = {
			isa = PBXFrameworksBuildPhase;
			buildActionMask = 2147483647;
			files = (
			);
			runOnlyForDeploymentPostprocessing = 0;
		};
/* End PBXFrameworksBuildPhase section */

/* Begin PBXGroup section */
		9B86859E2E70CE4600486774 = {
			isa = PBXGroup;
			children = (
				9B8685F52E72008700486774 /* New Group */,
				9B8685DE2E70CFCE00486774 /* Services */,
				9B8685DD2E70CFC800486774 /* Models */,
				9B8685DC2E70CFBE00486774 /* Screens */,
				9B8685DA2E70CFB000486774 /* App */,
				9B8685A92E70CE4600486774 /* 169 Juice Cashir App */,
				9B8685BA2E70CE4700486774 /* 169 Juice Cashir AppTests */,
				9B8685C42E70CE4700486774 /* 169 Juice Cashir AppUITests */,
				9B8685A82E70CE4600486774 /* Products */,
				9B8686022E7225CD00486774 /* Data */,
			);
			sourceTree = "<group>";
		};
		9B8685A82E70CE4600486774 /* Products */ = {
			isa = PBXGroup;
			children = (
				9B8685A72E70CE4600486774 /* 169 Juice Cashir App.app */,
				9B8685B72E70CE4700486774 /* 169 Juice Cashir AppTests.xctest */,
				9B8685C12E70CE4700486774 /* 169 Juice Cashir AppUITests.xctest */,
			);
			name = Products;
			sourceTree = "<group>";
		};
		9B8685DA2E70CFB000486774 /* App */ = {
			isa = PBXGroup;
			children = (
				9B8685AA2E70CE4600486774 /* _69_Juice_Cashir_AppApp.swift */,
			);
			path = App;
			sourceTree = "<group>";
		};
		9B8685DC2E70CFBE00486774 /* Screens */ = {
			isa = PBXGroup;
			children = (
				9B8685F12E71F62700486774 /* BuildDrinkView.swift */,
				9B8685EB2E71D96300486774 /* CheckOutView.swift */,
				9B8685E72E71CD9300486774 /* AddOnsView.swift */,
				9B8685E42E70E17D00486774 /* FlavourSelectView.swift */,
				9B8685E12E70D40C00486774 /* StatsView.swift */,
				9B8685DF2E70D00E00486774 /* HomeView.swift */,
			);
			path = Screens;
			sourceTree = "<group>";
		};
		9B8685DD2E70CFC800486774 /* Models */ = {
			isa = PBXGroup;
			children = (
				9B8686962E73331800486774 /* Preset.swift */,
				9B8685EF2E71EE0700486774 /* CartStore.swift */,
				9B8685ED2E71EDA500486774 /* OrderItem.swift */,
				9B8685E32E70DBF700486774 /* Order.swift */,
			);
			path = Models;
			sourceTree = "<group>";
		};
		9B8685DE2E70CFCE00486774 /* Services */ = {
			isa = PBXGroup;
			children = (
				9B86869A2E73371D00486774 /* Pricing.swift */,
				9B8685F62E72009900486774 /* GoToCheckoutEnv.swift */,
				9B8685F32E71FDAE00486774 /* AddOnsScreen.swift */,
			);
			path = Services;
			sourceTree = "<group>";
		};
		9B8685F52E72008700486774 /* New Group */ = {
			isa = PBXGroup;
			children = (
			);
			path = "New Group";
			sourceTree = "<group>";
		};
		9B8686022E7225CD00486774 /* Data */ = {
			isa = PBXGroup;
			children = (
				9B8686982E73369F00486774 /* PresetStore.swift */,
				9B8686032E7225F500486774 /* SalesStore.swift */,
				9B8685FE2E72257900486774 /* FestivalWeek.swift */,
				9B8686002E7225A000486774 /* Sale.swift */,
				9B8685FC2E72256000486774 /* PaymentMethod.swift */,
			);
			path = Data;
			sourceTree = "<group>";
		};
/* End PBXGroup section */

/* Begin PBXNativeTarget section */
		9B8685A62E70CE4600486774 /* 169 Juice Cashir App */ = {
			isa = PBXNativeTarget;
			buildConfigurationList = 9B8685CB2E70CE4700486774 /* Build configuration list for PBXNativeTarget "169 Juice Cashir App" */;
			buildPhases = (
				9B8685A32E70CE4600486774 /* Sources */,
				9B8685A42E70CE4600486774 /* Frameworks */,
				9B8685A52E70CE4600486774 /* Resources */,
			);
			buildRules = (
			);
			dependencies = (
			);
			fileSystemSynchronizedGroups = (
				9B8685A92E70CE4600486774 /* 169 Juice Cashir App */,
			);
			name = "169 Juice Cashir App";
			packageProductDependencies = (
			);
			productName = "169 Juice Cashir App";
			productReference = 9B8685A72E70CE4600486774 /* 169 Juice Cashir App.app */;
			productType = "com.apple.product-type.application";
		};
		9B8685B62E70CE4700486774 /* 169 Juice Cashir AppTests */ = {
			isa = PBXNativeTarget;
			buildConfigurationList = 9B8685CE2E70CE4700486774 /* Build configuration list for PBXNativeTarget "169 Juice Cashir AppTests" */;
			buildPhases = (
				9B8685B32E70CE4700486774 /* Sources */,
				9B8685B42E70CE4700486774 /* Frameworks */,
				9B8685B52E70CE4700486774 /* Resources */,
			);
			buildRules = (
			);
			dependencies = (
				9B8685B92E70CE4700486774 /* PBXTargetDependency */,
			);
			fileSystemSynchronizedGroups = (
				9B8685BA2E70CE4700486774 /* 169 Juice Cashir AppTests */,
			);
			name = "169 Juice Cashir AppTests";
			packageProductDependencies = (
			);
			productName = "169 Juice Cashir AppTests";
			productReference = 9B8685B72E70CE4700486774 /* 169 Juice Cashir AppTests.xctest */;
			productType = "com.apple.product-type.bundle.unit-test";
		};
		9B8685C02E70CE4700486774 /* 169 Juice Cashir AppUITests */ = {
			isa = PBXNativeTarget;
			buildConfigurationList = 9B8685D12E70CE4700486774 /* Build configuration list for PBXNativeTarget "169 Juice Cashir AppUITests" */;
			buildPhases = (
				9B8685BD2E70CE4700486774 /* Sources */,
				9B8685BE2E70CE4700486774 /* Frameworks */,
				9B8685BF2E70CE4700486774 /* Resources */,
			);
			buildRules = (
			);
			dependencies = (
				9B8685C32E70CE4700486774 /* PBXTargetDependency */,
			);
			fileSystemSynchronizedGroups = (
				9B8685C42E70CE4700486774 /* 169 Juice Cashir AppUITests */,
			);
			name = "169 Juice Cashir AppUITests";
			packageProductDependencies = (
			);
			productName = "169 Juice Cashir AppUITests";
			productReference = 9B8685C12E70CE4700486774 /* 169 Juice Cashir AppUITests.xctest */;
			productType = "com.apple.product-type.bundle.ui-testing";
		};
/* End PBXNativeTarget section */

/* Begin PBXProject section */
		9B86859F2E70CE4600486774 /* Project object */ = {
			isa = PBXProject;
			attributes = {
				BuildIndependentTargetsInParallel = 1;
				LastSwiftUpdateCheck = 1620;
				LastUpgradeCheck = 1620;
				TargetAttributes = {
					9B8685A62E70CE4600486774 = {
						CreatedOnToolsVersion = 16.2;
					};
					9B8685B62E70CE4700486774 = {
						CreatedOnToolsVersion = 16.2;
						TestTargetID = 9B8685A62E70CE4600486774;
					};
					9B8685C02E70CE4700486774 = {
						CreatedOnToolsVersion = 16.2;
						TestTargetID = 9B8685A62E70CE4600486774;
					};
				};
			};
			buildConfigurationList = 9B8685A22E70CE4600486774 /* Build configuration list for PBXProject "169 Juice Cashir App" */;
			developmentRegion = en;
			hasScannedForEncodings = 0;
			knownRegions = (
				en,
				Base,
			);
			mainGroup = 9B86859E2E70CE4600486774;
			minimizedProjectReferenceProxies = 1;
			preferredProjectObjectVersion = 77;
			productRefGroup = 9B8685A82E70CE4600486774 /* Products */;
			projectDirPath = "";
			projectRoot = "";
			targets = (
				9B8685A62E70CE4600486774 /* 169 Juice Cashir App */,
				9B8685B62E70CE4700486774 /* 169 Juice Cashir AppTests */,
				9B8685C02E70CE4700486774 /* 169 Juice Cashir AppUITests */,
			);
		};
/* End PBXProject section */

/* Begin PBXResourcesBuildPhase section */
		9B8685A52E70CE4600486774 /* Resources */ = {
			isa = PBXResourcesBuildPhase;
			buildActionMask = 2147483647;
			files = (
			);
			runOnlyForDeploymentPostprocessing = 0;
		};
		9B8685B52E70CE4700486774 /* Resources */ = {
			isa = PBXResourcesBuildPhase;
			buildActionMask = 2147483647;
			files = (
			);
			runOnlyForDeploymentPostprocessing = 0;
		};
		9B8685BF2E70CE4700486774 /* Resources */ = {
			isa = PBXResourcesBuildPhase;
			buildActionMask = 2147483647;
			files = (
			);
			runOnlyForDeploymentPostprocessing = 0;
		};
/* End PBXResourcesBuildPhase section */

/* Begin PBXSourcesBuildPhase section */
		9B8685A32E70CE4600486774 /* Sources */ = {
			isa = PBXSourcesBuildPhase;
			buildActionMask = 2147483647;
			files = (
				9B8686042E7225F800486774 /* SalesStore.swift in Sources */,
				9B8685E62E70E24800486774 /* Order.swift in Sources */,
				9B8685E22E70D41100486774 /* StatsView.swift in Sources */,
				9B8686992E7336A100486774 /* PresetStore.swift in Sources */,
				9B8685EE2E71EDAA00486774 /* OrderItem.swift in Sources */,
				9B8685FD2E72256500486774 /* PaymentMethod.swift in Sources */,
				9B8685F02E71EE0A00486774 /* CartStore.swift in Sources */,
				9B8685E82E71CD9700486774 /* AddOnsView.swift in Sources */,
				9B8685F72E7200A200486774 /* GoToCheckoutEnv.swift in Sources */,
				9B8685E02E70D19E00486774 /* HomeView.swift in Sources */,
				9B8685F42E71FDB300486774 /* AddOnsScreen.swift in Sources */,
				9B8686972E73332000486774 /* Preset.swift in Sources */,
				9B8685F22E71F62A00486774 /* BuildDrinkView.swift in Sources */,
				9B8686012E7225A200486774 /* Sale.swift in Sources */,
				9B8685FF2E72257E00486774 /* FestivalWeek.swift in Sources */,
				9B86869B2E73372300486774 /* Pricing.swift in Sources */,
				9B8685E52E70E18000486774 /* FlavourSelectView.swift in Sources */,
				9B8685EC2E71D96900486774 /* CheckOutView.swift in Sources */,
				9B8685AB2E70CE4600486774 /* _69_Juice_Cashir_AppApp.swift in Sources */,
			);
			runOnlyForDeploymentPostprocessing = 0;
		};
		9B8685B32E70CE4700486774 /* Sources */ = {
			isa = PBXSourcesBuildPhase;
			buildActionMask = 2147483647;
			files = (
			);
			runOnlyForDeploymentPostprocessing = 0;
		};
		9B8685BD2E70CE4700486774 /* Sources */ = {
			isa = PBXSourcesBuildPhase;
			buildActionMask = 2147483647;
			files = (
			);
			runOnlyForDeploymentPostprocessing = 0;
		};
/* End PBXSourcesBuildPhase section */

/* Begin PBXTargetDependency section */
		9B8685B92E70CE4700486774 /* PBXTargetDependency */ = {
			isa = PBXTargetDependency;
			target = 9B8685A62E70CE4600486774 /* 169 Juice Cashir App */;
			targetProxy = 9B8685B82E70CE4700486774 /* PBXContainerItemProxy */;
		};
		9B8685C32E70CE4700486774 /* PBXTargetDependency */ = {
			isa = PBXTargetDependency;
			target = 9B8685A62E70CE4600486774 /* 169 Juice Cashir App */;
			targetProxy = 9B8685C22E70CE4700486774 /* PBXContainerItemProxy */;
		};
/* End PBXTargetDependency section */

/* Begin XCBuildConfiguration section */
		9B8685C92E70CE4700486774 /* Debug */ = {
			isa = XCBuildConfiguration;
			buildSettings = {
				ALWAYS_SEARCH_USER_PATHS = NO;
				ASSETCATALOG_COMPILER_GENERATE_SWIFT_ASSET_SYMBOL_EXTENSIONS = YES;
				CLANG_ANALYZER_NONNULL = YES;
				CLANG_ANALYZER_NUMBER_OBJECT_CONVERSION = YES_AGGRESSIVE;
				CLANG_CXX_LANGUAGE_STANDARD = "gnu++20";
				CLANG_ENABLE_MODULES = YES;
				CLANG_ENABLE_OBJC_ARC = YES;
				CLANG_ENABLE_OBJC_WEAK = YES;
				CLANG_WARN_BLOCK_CAPTURE_AUTORELEASING = YES;
				CLANG_WARN_BOOL_CONVERSION = YES;
				CLANG_WARN_COMMA = YES;
				CLANG_WARN_CONSTANT_CONVERSION = YES;
				CLANG_WARN_DEPRECATED_OBJC_IMPLEMENTATIONS = YES;
				CLANG_WARN_DIRECT_OBJC_ISA_USAGE = YES_ERROR;
				CLANG_WARN_DOCUMENTATION_COMMENTS = YES;
				CLANG_WARN_EMPTY_BODY = YES;
				CLANG_WARN_ENUM_CONVERSION = YES;
				CLANG_WARN_INFINITE_RECURSION = YES;
				CLANG_WARN_INT_CONVERSION = YES;
				CLANG_WARN_NON_LITERAL_NULL_CONVERSION = YES;
				CLANG_WARN_OBJC_IMPLICIT_RETAIN_SELF = YES;
				CLANG_WARN_OBJC_LITERAL_CONVERSION = YES;
				CLANG_WARN_OBJC_ROOT_CLASS = YES_ERROR;
				CLANG_WARN_QUOTED_INCLUDE_IN_FRAMEWORK_HEADER = YES;
				CLANG_WARN_RANGE_LOOP_ANALYSIS = YES;
				CLANG_WARN_STRICT_PROTOTYPES = YES;
				CLANG_WARN_SUSPICIOUS_MOVE = YES;
				CLANG_WARN_UNGUARDED_AVAILABILITY = YES_AGGRESSIVE;
				CLANG_WARN_UNREACHABLE_CODE = YES;
				CLANG_WARN__DUPLICATE_METHOD_MATCH = YES;
				COPY_PHASE_STRIP = NO;
				DEBUG_INFORMATION_FORMAT = dwarf;
				ENABLE_STRICT_OBJC_MSGSEND = YES;
				ENABLE_TESTABILITY = YES;
				ENABLE_USER_SCRIPT_SANDBOXING = YES;
				GCC_C_LANGUAGE_STANDARD = gnu17;
				GCC_DYNAMIC_NO_PIC = NO;
				GCC_NO_COMMON_BLOCKS = YES;
				GCC_OPTIMIZATION_LEVEL = 0;
				GCC_PREPROCESSOR_DEFINITIONS = (
					"DEBUG=1",
					"$(inherited)",
				);
				GCC_WARN_64_TO_32_BIT_CONVERSION = YES;
				GCC_WARN_ABOUT_RETURN_TYPE = YES_ERROR;
				GCC_WARN_UNDECLARED_SELECTOR = YES;
				GCC_WARN_UNINITIALIZED_AUTOS = YES_AGGRESSIVE;
				GCC_WARN_UNUSED_FUNCTION = YES;
				GCC_WARN_UNUSED_VARIABLE = YES;
				IPHONEOS_DEPLOYMENT_TARGET = 18.2;
				LOCALIZATION_PREFERS_STRING_CATALOGS = YES;
				MTL_ENABLE_DEBUG_INFO = INCLUDE_SOURCE;
				MTL_FAST_MATH = YES;
				ONLY_ACTIVE_ARCH = YES;
				SDKROOT = iphoneos;
				SWIFT_ACTIVE_COMPILATION_CONDITIONS = "DEBUG $(inherited)";
				SWIFT_OPTIMIZATION_LEVEL = "-Onone";
			};
			name = Debug;
		};
		9B8685CA2E70CE4700486774 /* Release */ = {
			isa = XCBuildConfiguration;
			buildSettings = {
				ALWAYS_SEARCH_USER_PATHS = NO;
				ASSETCATALOG_COMPILER_GENERATE_SWIFT_ASSET_SYMBOL_EXTENSIONS = YES;
				CLANG_ANALYZER_NONNULL = YES;
				CLANG_ANALYZER_NUMBER_OBJECT_CONVERSION = YES_AGGRESSIVE;
				CLANG_CXX_LANGUAGE_STANDARD = "gnu++20";
				CLANG_ENABLE_MODULES = YES;
				CLANG_ENABLE_OBJC_ARC = YES;
				CLANG_ENABLE_OBJC_WEAK = YES;
				CLANG_WARN_BLOCK_CAPTURE_AUTORELEASING = YES;
				CLANG_WARN_BOOL_CONVERSION = YES;
				CLANG_WARN_COMMA = YES;
				CLANG_WARN_CONSTANT_CONVERSION = YES;
				CLANG_WARN_DEPRECATED_OBJC_IMPLEMENTATIONS = YES;
				CLANG_WARN_DIRECT_OBJC_ISA_USAGE = YES_ERROR;
				CLANG_WARN_DOCUMENTATION_COMMENTS = YES;
				CLANG_WARN_EMPTY_BODY = YES;
				CLANG_WARN_ENUM_CONVERSION = YES;
				CLANG_WARN_INFINITE_RECURSION = YES;
				CLANG_WARN_INT_CONVERSION = YES;
				CLANG_WARN_NON_LITERAL_NULL_CONVERSION = YES;
				CLANG_WARN_OBJC_IMPLICIT_RETAIN_SELF = YES;
				CLANG_WARN_OBJC_LITERAL_CONVERSION = YES;
				CLANG_WARN_OBJC_ROOT_CLASS = YES_ERROR;
				CLANG_WARN_QUOTED_INCLUDE_IN_FRAMEWORK_HEADER = YES;
				CLANG_WARN_RANGE_LOOP_ANALYSIS = YES;
				CLANG_WARN_STRICT_PROTOTYPES = YES;
				CLANG_WARN_SUSPICIOUS_MOVE = YES;
				CLANG_WARN_UNGUARDED_AVAILABILITY = YES_AGGRESSIVE;
				CLANG_WARN_UNREACHABLE_CODE = YES;
				CLANG_WARN__DUPLICATE_METHOD_MATCH = YES;
				COPY_PHASE_STRIP = NO;
				DEBUG_INFORMATION_FORMAT = "dwarf-with-dsym";
				ENABLE_NS_ASSERTIONS = NO;
				ENABLE_STRICT_OBJC_MSGSEND = YES;
				ENABLE_USER_SCRIPT_SANDBOXING = YES;
				GCC_C_LANGUAGE_STANDARD = gnu17;
				GCC_NO_COMMON_BLOCKS = YES;
				GCC_WARN_64_TO_32_BIT_CONVERSION = YES;
				GCC_WARN_ABOUT_RETURN_TYPE = YES_ERROR;
				GCC_WARN_UNDECLARED_SELECTOR = YES;
				GCC_WARN_UNINITIALIZED_AUTOS = YES_AGGRESSIVE;
				GCC_WARN_UNUSED_FUNCTION = YES;
				GCC_WARN_UNUSED_VARIABLE = YES;
				IPHONEOS_DEPLOYMENT_TARGET = 18.2;
				LOCALIZATION_PREFERS_STRING_CATALOGS = YES;
				MTL_ENABLE_DEBUG_INFO = NO;
				MTL_FAST_MATH = YES;
				SDKROOT = iphoneos;
				SWIFT_COMPILATION_MODE = wholemodule;
				VALIDATE_PRODUCT = YES;
			};
			name = Release;
		};
		9B8685CC2E70CE4700486774 /* Debug */ = {
			isa = XCBuildConfiguration;
			buildSettings = {
				ASSETCATALOG_COMPILER_APPICON_NAME = AppIcon;
				ASSETCATALOG_COMPILER_GLOBAL_ACCENT_COLOR_NAME = AccentColor;
				CODE_SIGN_STYLE = Automatic;
				CURRENT_PROJECT_VERSION = 1;
				DEVELOPMENT_ASSET_PATHS = "\"169 Juice Cashir App/Preview Content\"";
				ENABLE_PREVIEWS = YES;
				GENERATE_INFOPLIST_FILE = YES;
				INFOPLIST_KEY_UIApplicationSceneManifest_Generation = YES;
				INFOPLIST_KEY_UIApplicationSupportsIndirectInputEvents = YES;
				INFOPLIST_KEY_UILaunchScreen_Generation = YES;
				INFOPLIST_KEY_UISupportedInterfaceOrientations_iPad = "UIInterfaceOrientationPortrait UIInterfaceOrientationPortraitUpsideDown UIInterfaceOrientationLandscapeLeft UIInterfaceOrientationLandscapeRight";
				INFOPLIST_KEY_UISupportedInterfaceOrientations_iPhone = "UIInterfaceOrientationPortrait UIInterfaceOrientationLandscapeLeft UIInterfaceOrientationLandscapeRight";
				LD_RUNPATH_SEARCH_PATHS = (
					"$(inherited)",
					"@executable_path/Frameworks",
				);
				MARKETING_VERSION = 1.0;
				PRODUCT_BUNDLE_IDENTIFIER = "com.myorganization.-69-Juice-Cashir-App";
				PRODUCT_NAME = "$(TARGET_NAME)";
				SWIFT_EMIT_LOC_STRINGS = YES;
				SWIFT_VERSION = 5.0;
				TARGETED_DEVICE_FAMILY = "1,2";
			};
			name = Debug;
		};
		9B8685CD2E70CE4700486774 /* Release */ = {
			isa = XCBuildConfiguration;
			buildSettings = {
				ASSETCATALOG_COMPILER_APPICON_NAME = AppIcon;
				ASSETCATALOG_COMPILER_GLOBAL_ACCENT_COLOR_NAME = AccentColor;
				CODE_SIGN_STYLE = Automatic;
				CURRENT_PROJECT_VERSION = 1;
				DEVELOPMENT_ASSET_PATHS = "\"169 Juice Cashir App/Preview Content\"";
				ENABLE_PREVIEWS = YES;
				GENERATE_INFOPLIST_FILE = YES;
				INFOPLIST_KEY_UIApplicationSceneManifest_Generation = YES;
				INFOPLIST_KEY_UIApplicationSupportsIndirectInputEvents = YES;
				INFOPLIST_KEY_UILaunchScreen_Generation = YES;
				INFOPLIST_KEY_UISupportedInterfaceOrientations_iPad = "UIInterfaceOrientationPortrait UIInterfaceOrientationPortraitUpsideDown UIInterfaceOrientationLandscapeLeft UIInterfaceOrientationLandscapeRight";
				INFOPLIST_KEY_UISupportedInterfaceOrientations_iPhone = "UIInterfaceOrientationPortrait UIInterfaceOrientationLandscapeLeft UIInterfaceOrientationLandscapeRight";
				LD_RUNPATH_SEARCH_PATHS = (
					"$(inherited)",
					"@executable_path/Frameworks",
				);
				MARKETING_VERSION = 1.0;
				PRODUCT_BUNDLE_IDENTIFIER = "com.myorganization.-69-Juice-Cashir-App";
				PRODUCT_NAME = "$(TARGET_NAME)";
				SWIFT_EMIT_LOC_STRINGS = YES;
				SWIFT_VERSION = 5.0;
				TARGETED_DEVICE_FAMILY = "1,2";
			};
			name = Release;
		};
		9B8685CF2E70CE4700486774 /* Debug */ = {
			isa = XCBuildConfiguration;
			buildSettings = {
				BUNDLE_LOADER = "$(TEST_HOST)";
				CODE_SIGN_STYLE = Automatic;
				CURRENT_PROJECT_VERSION = 1;
				GENERATE_INFOPLIST_FILE = YES;
				IPHONEOS_DEPLOYMENT_TARGET = 18.2;
				MARKETING_VERSION = 1.0;
				PRODUCT_BUNDLE_IDENTIFIER = "com.myorganization.-69-Juice-Cashir-AppTests";
				PRODUCT_NAME = "$(TARGET_NAME)";
				SWIFT_EMIT_LOC_STRINGS = NO;
				SWIFT_VERSION = 5.0;
				TARGETED_DEVICE_FAMILY = "1,2";
				TEST_HOST = "$(BUILT_PRODUCTS_DIR)/169 Juice Cashir App.app/$(BUNDLE_EXECUTABLE_FOLDER_PATH)/169 Juice Cashir App";
			};
			name = Debug;
		};
		9B8685D02E70CE4700486774 /* Release */ = {
			isa = XCBuildConfiguration;
			buildSettings = {
				BUNDLE_LOADER = "$(TEST_HOST)";
				CODE_SIGN_STYLE = Automatic;
				CURRENT_PROJECT_VERSION = 1;
				GENERATE_INFOPLIST_FILE = YES;
				IPHONEOS_DEPLOYMENT_TARGET = 18.2;
				MARKETING_VERSION = 1.0;
				PRODUCT_BUNDLE_IDENTIFIER = "com.myorganization.-69-Juice-Cashir-AppTests";
				PRODUCT_NAME = "$(TARGET_NAME)";
				SWIFT_EMIT_LOC_STRINGS = NO;
				SWIFT_VERSION = 5.0;
				TARGETED_DEVICE_FAMILY = "1,2";
				TEST_HOST = "$(BUILT_PRODUCTS_DIR)/169 Juice Cashir App.app/$(BUNDLE_EXECUTABLE_FOLDER_PATH)/169 Juice Cashir App";
			};
			name = Release;
		};
		9B8685D22E70CE4700486774 /* Debug */ = {
			isa = XCBuildConfiguration;
			buildSettings = {
				CODE_SIGN_STYLE = Automatic;
				CURRENT_PROJECT_VERSION = 1;
				GENERATE_INFOPLIST_FILE = YES;
				MARKETING_VERSION = 1.0;
				PRODUCT_BUNDLE_IDENTIFIER = "com.myorganization.-69-Juice-Cashir-AppUITests";
				PRODUCT_NAME = "$(TARGET_NAME)";
				SWIFT_EMIT_LOC_STRINGS = NO;
				SWIFT_VERSION = 5.0;
				TARGETED_DEVICE_FAMILY = "1,2";
				TEST_TARGET_NAME = "169 Juice Cashir App";
			};
			name = Debug;
		};
		9B8685D32E70CE4700486774 /* Release */ = {
			isa = XCBuildConfiguration;
			buildSettings = {
				CODE_SIGN_STYLE = Automatic;
				CURRENT_PROJECT_VERSION = 1;
				GENERATE_INFOPLIST_FILE = YES;
				MARKETING_VERSION = 1.0;
				PRODUCT_BUNDLE_IDENTIFIER = "com.myorganization.-69-Juice-Cashir-AppUITests";
				PRODUCT_NAME = "$(TARGET_NAME)";
				SWIFT_EMIT_LOC_STRINGS = NO;
				SWIFT_VERSION = 5.0;
				TARGETED_DEVICE_FAMILY = "1,2";
				TEST_TARGET_NAME = "169 Juice Cashir App";
			};
			name = Release;
		};
/* End XCBuildConfiguration section */

/* Begin XCConfigurationList section */
		9B8685A22E70CE4600486774 /* Build configuration list for PBXProject "169 Juice Cashir App" */ = {
			isa = XCConfigurationList;
			buildConfigurations = (
				9B8685C92E70CE4700486774 /* Debug */,
				9B8685CA2E70CE4700486774 /* Release */,
			);
			defaultConfigurationIsVisible = 0;
			defaultConfigurationName = Release;
		};
		9B8685CB2E70CE4700486774 /* Build configuration list for PBXNativeTarget "169 Juice Cashir App" */ = {
			isa = XCConfigurationList;
			buildConfigurations = (
				9B8685CC2E70CE4700486774 /* Debug */,
				9B8685CD2E70CE4700486774 /* Release */,
			);
			defaultConfigurationIsVisible = 0;
			defaultConfigurationName = Release;
		};
		9B8685CE2E70CE4700486774 /* Build configuration list for PBXNativeTarget "169 Juice Cashir AppTests" */ = {
			isa = XCConfigurationList;
			buildConfigurations = (
				9B8685CF2E70CE4700486774 /* Debug */,
				9B8685D02E70CE4700486774 /* Release */,
			);
			defaultConfigurationIsVisible = 0;
			defaultConfigurationName = Release;
		};
		9B8685D12E70CE4700486774 /* Build configuration list for PBXNativeTarget "169 Juice Cashir AppUITests" */ = {
			isa = XCConfigurationList;
			buildConfigurations = (
				9B8685D22E70CE4700486774 /* Debug */,
				9B8685D32E70CE4700486774 /* Release */,
			);
			defaultConfigurationIsVisible = 0;
			defaultConfigurationName = Release;
		};
/* End XCConfigurationList section */
	};
	rootObject = 9B86859F2E70CE4600486774 /* Project object */;
}
